
Microsoft Visual Studio Solution File, Format Version 12.00
# Visual Studio Version 17
VisualStudioVersion = 17.7.34202.233
MinimumVisualStudioVersion = 10.0.40219.1
Project("{FAE04EC0-301F-11D3-BF4B-00C04F79EFBC}") = "ConsoleApp13", "ConsoleApp13\ConsoleApp13.csproj", "{0335D635-CF6E-4535-A148-1D8EE06519C3}"
EndProject
Global
	GlobalSection(SolutionConfigurationPlatforms) = preSolution
		Debug|Any CPU = Debug|Any CPU
		Release|Any CPU = Release|Any CPU
	EndGlobalSection
	GlobalSection(ProjectConfigurationPlatforms) = postSolution
		{0335D635-CF6E-4535-A148-1D8EE06519C3}.Debug|Any CPU.ActiveCfg = Debug|Any CPU
		{0335D635-CF6E-4535-A148-1D8EE06519C3}.Debug|Any CPU.Build.0 = Debug|Any CPU
		{0335D635-CF6E-4535-A148-1D8EE06519C3}.Release|Any CPU.ActiveCfg = Release|Any CPU
		{0335D635-CF6E-4535-A148-1D8EE06519C3}.Release|Any CPU.Build.0 = Release|Any CPU
	EndGlobalSection
	GlobalSection(SolutionProperties) = preSolution
		HideSolutionNode = FALSE
	EndGlobalSection
	GlobalSection(ExtensibilityGlobals) = postSolution
		SolutionGuid = {83B7120D-8950-4568-A7D6-C42E924ADA7F}
	EndGlobalSection
EndGlobal
